// !$*UTF8*$!
{
	archiveVersion = 1;
	classes = {
	};
	objectVersion = 56;
	objects = {

/* Begin PBXBuildFile section */
		D2C5AB922BFC8C4D00817DD3 /* linkModel.swift in Sources */ = {isa = PBXBuildFile; fileRef = D2C5AB912BFC8C4D00817DD3 /* linkModel.swift */; };
		D2C5AB962BFC938200817DD3 /* linkViewModel.swift in Sources */ = {isa = PBXBuildFile; fileRef = D2C5AB952BFC938200817DD3 /* linkViewModel.swift */; };
		D2C5AB9C2BFC9D5C00817DD3 /* DashboardChartView.swift in Sources */ = {isa = PBXBuildFile; fileRef = D2C5AB9B2BFC9D5C00817DD3 /* DashboardChartView.swift */; };
		D2C5ABA22BFCA9F500817DD3 /* LinksView.swift in Sources */ = {isa = PBXBuildFile; fileRef = D2C5ABA12BFCA9F500817DD3 /* LinksView.swift */; };
		D2C84E482BFBB29600B3C456 /* openInAppAssignmentApp.swift in Sources */ = {isa = PBXBuildFile; fileRef = D2C84E472BFBB29600B3C456 /* openInAppAssignmentApp.swift */; };
		D2C84E4A2BFBB29600B3C456 /* ContentView.swift in Sources */ = {isa = PBXBuildFile; fileRef = D2C84E492BFBB29600B3C456 /* ContentView.swift */; };
		D2C84E4C2BFBB29800B3C456 /* Assets.xcassets in Resources */ = {isa = PBXBuildFile; fileRef = D2C84E4B2BFBB29800B3C456 /* Assets.xcassets */; };
		D2C84E4F2BFBB29800B3C456 /* Preview Assets.xcassets in Resources */ = {isa = PBXBuildFile; fileRef = D2C84E4E2BFBB29800B3C456 /* Preview Assets.xcassets */; };
		D2C84E562BFBBA2000B3C456 /* ApiManager.swift in Sources */ = {isa = PBXBuildFile; fileRef = D2C84E552BFBBA2000B3C456 /* ApiManager.swift */; };
		D2C84E622BFBCAD100B3C456 /* appView.swift in Sources */ = {isa = PBXBuildFile; fileRef = D2C84E612BFBCAD100B3C456 /* appView.swift */; };
/* End PBXBuildFile section */

/* Begin PBXFileReference section */
		D2C5AB912BFC8C4D00817DD3 /* linkModel.swift */ = {isa = PBXFileReference; lastKnownFileType = sourcecode.swift; path = linkModel.swift; sourceTree = "<group>"; };
		D2C5AB952BFC938200817DD3 /* linkViewModel.swift */ = {isa = PBXFileReference; lastKnownFileType = sourcecode.swift; path = linkViewModel.swift; sourceTree = "<group>"; };
		D2C5AB9B2BFC9D5C00817DD3 /* DashboardChartView.swift */ = {isa = PBXFileReference; lastKnownFileType = sourcecode.swift; path = DashboardChartView.swift; sourceTree = "<group>"; };
		D2C5ABA12BFCA9F500817DD3 /* LinksView.swift */ = {isa = PBXFileReference; lastKnownFileType = sourcecode.swift; path = LinksView.swift; sourceTree = "<group>"; };
		D2C84E442BFBB29600B3C456 /* openInAppAssignment.app */ = {isa = PBXFileReference; explicitFileType = wrapper.application; includeInIndex = 0; path = openInAppAssignment.app; sourceTree = BUILT_PRODUCTS_DIR; };
		D2C84E472BFBB29600B3C456 /* openInAppAssignmentApp.swift */ = {isa = PBXFileReference; lastKnownFileType = sourcecode.swift; path = openInAppAssignmentApp.swift; sourceTree = "<group>"; };
		D2C84E492BFBB29600B3C456 /* ContentView.swift */ = {isa = PBXFileReference; lastKnownFileType = sourcecode.swift; path = ContentView.swift; sourceTree = "<group>"; };
		D2C84E4B2BFBB29800B3C456 /* Assets.xcassets */ = {isa = PBXFileReference; lastKnownFileType = folder.assetcatalog; path = Assets.xcassets; sourceTree = "<group>"; };
		D2C84E4E2BFBB29800B3C456 /* Preview Assets.xcassets */ = {isa = PBXFileReference; lastKnownFileType = folder.assetcatalog; path = "Preview Assets.xcassets"; sourceTree = "<group>"; };
		D2C84E552BFBBA2000B3C456 /* ApiManager.swift */ = {isa = PBXFileReference; lastKnownFileType = sourcecode.swift; path = ApiManager.swift; sourceTree = "<group>"; };
		D2C84E612BFBCAD100B3C456 /* appView.swift */ = {isa = PBXFileReference; lastKnownFileType = sourcecode.swift; path = appView.swift; sourceTree = "<group>"; };
/* End PBXFileReference section */

/* Begin PBXFrameworksBuildPhase section */
		D2C84E412BFBB29600B3C456 /* Frameworks */ = {
			isa = PBXFrameworksBuildPhase;
			buildActionMask = 2147483647;
			files = (
			);
			runOnlyForDeploymentPostprocessing = 0;
		};
/* End PBXFrameworksBuildPhase section */

/* Begin PBXGroup section */
		D2C5AB9D2BFCA97500817DD3 /* Model */ = {
			isa = PBXGroup;
			children = (
				D2C5AB912BFC8C4D00817DD3 /* linkModel.swift */,
			);
			path = Model;
			sourceTree = "<group>";
		};
		D2C5AB9E2BFCA98300817DD3 /* Views */ = {
			isa = PBXGroup;
			children = (
				D2C84E612BFBCAD100B3C456 /* appView.swift */,
			);
			path = Views;
			sourceTree = "<group>";
		};
		D2C5AB9F2BFCA9AB00817DD3 /* ViewModel */ = {
			isa = PBXGroup;
			children = (
				D2C5AB952BFC938200817DD3 /* linkViewModel.swift */,
			);
			path = ViewModel;
			sourceTree = "<group>";
		};
		D2C5ABA02BFCA9BA00817DD3 /* API */ = {
			isa = PBXGroup;
			children = (
				D2C84E552BFBBA2000B3C456 /* ApiManager.swift */,
			);
			path = API;
			sourceTree = "<group>";
		};
		D2C84E3B2BFBB29600B3C456 = {
			isa = PBXGroup;
			children = (
				D2C84E462BFBB29600B3C456 /* openInAppAssignment */,
				D2C84E452BFBB29600B3C456 /* Products */,
			);
			sourceTree = "<group>";
		};
		D2C84E452BFBB29600B3C456 /* Products */ = {
			isa = PBXGroup;
			children = (
				D2C84E442BFBB29600B3C456 /* openInAppAssignment.app */,
			);
			name = Products;
			sourceTree = "<group>";
		};
		D2C84E462BFBB29600B3C456 /* openInAppAssignment */ = {
			isa = PBXGroup;
			children = (
				D2C84E472BFBB29600B3C456 /* openInAppAssignmentApp.swift */,
				D2C84E492BFBB29600B3C456 /* ContentView.swift */,
				D2C5ABA02BFCA9BA00817DD3 /* API */,
				D2C5AB9F2BFCA9AB00817DD3 /* ViewModel */,
				D2C5AB9E2BFCA98300817DD3 /* Views */,
				D2C5AB9B2BFC9D5C00817DD3 /* DashboardChartView.swift */,
				D2C5AB9D2BFCA97500817DD3 /* Model */,
				D2C84E4B2BFBB29800B3C456 /* Assets.xcassets */,
				D2C84E4D2BFBB29800B3C456 /* Preview Content */,
				D2C5ABA12BFCA9F500817DD3 /* LinksView.swift */,
			);
			path = openInAppAssignment;
			sourceTree = "<group>";
		};
		D2C84E4D2BFBB29800B3C456 /* Preview Content */ = {
			isa = PBXGroup;
			children = (
				D2C84E4E2BFBB29800B3C456 /* Preview Assets.xcassets */,
			);
			path = "Preview Content";
			sourceTree = "<group>";
		};
/* End PBXGroup section */

/* Begin PBXNativeTarget section */
		D2C84E432BFBB29600B3C456 /* openInAppAssignment */ = {
			isa = PBXNativeTarget;
			buildConfigurationList = D2C84E522BFBB29800B3C456 /* Build configuration list for PBXNativeTarget "openInAppAssignment" */;
			buildPhases = (
				D2C84E402BFBB29600B3C456 /* Sources */,
				D2C84E412BFBB29600B3C456 /* Frameworks */,
				D2C84E422BFBB29600B3C456 /* Resources */,
			);
			buildRules = (
			);
			dependencies = (
			);
			name = openInAppAssignment;
			productName = openInAppAssignment;
			productReference = D2C84E442BFBB29600B3C456 /* openInAppAssignment.app */;
			productType = "com.apple.product-type.application";
		};
/* End PBXNativeTarget section */

/* Begin PBXProject section */
		D2C84E3C2BFBB29600B3C456 /* Project object */ = {
			isa = PBXProject;
			attributes = {
				BuildIndependentTargetsInParallel = 1;
				LastSwiftUpdateCheck = 1540;
				LastUpgradeCheck = 1540;
				TargetAttributes = {
					D2C84E432BFBB29600B3C456 = {
						CreatedOnToolsVersion = 15.4;
					};
				};
			};
			buildConfigurationList = D2C84E3F2BFBB29600B3C456 /* Build configuration list for PBXProject "openInAppAssignment" */;
			compatibilityVersion = "Xcode 14.0";
			developmentRegion = en;
			hasScannedForEncodings = 0;
			knownRegions = (
				en,
				Base,
			);
			mainGroup = D2C84E3B2BFBB29600B3C456;
			productRefGroup = D2C84E452BFBB29600B3C456 /* Products */;
			projectDirPath = "";
			projectRoot = "";
			targets = (
				D2C84E432BFBB29600B3C456 /* openInAppAssignment */,
			);
		};
/* End PBXProject section */

/* Begin PBXResourcesBuildPhase section */
		D2C84E422BFBB29600B3C456 /* Resources */ = {
			isa = PBXResourcesBuildPhase;
			buildActionMask = 2147483647;
			files = (
				D2C84E4F2BFBB29800B3C456 /* Preview Assets.xcassets in Resources */,
				D2C84E4C2BFBB29800B3C456 /* Assets.xcassets in Resources */,
			);
			runOnlyForDeploymentPostprocessing = 0;
		};
/* End PBXResourcesBuildPhase section */

/* Begin PBXSourcesBuildPhase section */
		D2C84E402BFBB29600B3C456 /* Sources */ = {
			isa = PBXSourcesBuildPhase;
			buildActionMask = 2147483647;
			files = (
				D2C5AB9C2BFC9D5C00817DD3 /* DashboardChartView.swift in Sources */,
				D2C5AB962BFC938200817DD3 /* linkViewModel.swift in Sources */,
				D2C84E4A2BFBB29600B3C456 /* ContentView.swift in Sources */,
				D2C84E562BFBBA2000B3C456 /* ApiManager.swift in Sources */,
				D2C84E482BFBB29600B3C456 /* openInAppAssignmentApp.swift in Sources */,
				D2C84E622BFBCAD100B3C456 /* appView.swift in Sources */,
				D2C5ABA22BFCA9F500817DD3 /* LinksView.swift in Sources */,
				D2C5AB922BFC8C4D00817DD3 /* linkModel.swift in Sources */,
			);
			runOnlyForDeploymentPostprocessing = 0;
		};
/* End PBXSourcesBuildPhase section */

/* Begin XCBuildConfiguration section */
		D2C84E502BFBB29800B3C456 /* Debug */ = {
			isa = XCBuildConfiguration;
			buildSettings = {
				ALWAYS_SEARCH_USER_PATHS = NO;
				ASSETCATALOG_COMPILER_GENERATE_SWIFT_ASSET_SYMBOL_EXTENSIONS = YES;
				CLANG_ANALYZER_NONNULL = YES;
				CLANG_ANALYZER_NUMBER_OBJECT_CONVERSION = YES_AGGRESSIVE;
				CLANG_CXX_LANGUAGE_STANDARD = "gnu++20";
				CLANG_ENABLE_MODULES = YES;
				CLANG_ENABLE_OBJC_ARC = YES;
				CLANG_ENABLE_OBJC_WEAK = YES;
				CLANG_WARN_BLOCK_CAPTURE_AUTORELEASING = YES;
				CLANG_WARN_BOOL_CONVERSION = YES;
				CLANG_WARN_COMMA = YES;
				CLANG_WARN_CONSTANT_CONVERSION = YES;
				CLANG_WARN_DEPRECATED_OBJC_IMPLEMENTATIONS = YES;
				CLANG_WARN_DIRECT_OBJC_ISA_USAGE = YES_ERROR;
				CLANG_WARN_DOCUMENTATION_COMMENTS = YES;
				CLANG_WARN_EMPTY_BODY = YES;
				CLANG_WARN_ENUM_CONVERSION = YES;
				CLANG_WARN_INFINITE_RECURSION = YES;
				CLANG_WARN_INT_CONVERSION = YES;
				CLANG_WARN_NON_LITERAL_NULL_CONVERSION = YES;
				CLANG_WARN_OBJC_IMPLICIT_RETAIN_SELF = YES;
				CLANG_WARN_OBJC_LITERAL_CONVERSION = YES;
				CLANG_WARN_OBJC_ROOT_CLASS = YES_ERROR;
				CLANG_WARN_QUOTED_INCLUDE_IN_FRAMEWORK_HEADER = YES;
				CLANG_WARN_RANGE_LOOP_ANALYSIS = YES;
				CLANG_WARN_STRICT_PROTOTYPES = YES;
				CLANG_WARN_SUSPICIOUS_MOVE = YES;
				CLANG_WARN_UNGUARDED_AVAILABILITY = YES_AGGRESSIVE;
				CLANG_WARN_UNREACHABLE_CODE = YES;
				CLANG_WARN__DUPLICATE_METHOD_MATCH = YES;
				COPY_PHASE_STRIP = NO;
				DEBUG_INFORMATION_FORMAT = dwarf;
				ENABLE_STRICT_OBJC_MSGSEND = YES;
				ENABLE_TESTABILITY = YES;
				ENABLE_USER_SCRIPT_SANDBOXING = YES;
				GCC_C_LANGUAGE_STANDARD = gnu17;
				GCC_DYNAMIC_NO_PIC = NO;
				GCC_NO_COMMON_BLOCKS = YES;
				GCC_OPTIMIZATION_LEVEL = 0;
				GCC_PREPROCESSOR_DEFINITIONS = (
					"DEBUG=1",
					"$(inherited)",
				);
				GCC_WARN_64_TO_32_BIT_CONVERSION = YES;
				GCC_WARN_ABOUT_RETURN_TYPE = YES_ERROR;
				GCC_WARN_UNDECLARED_SELECTOR = YES;
				GCC_WARN_UNINITIALIZED_AUTOS = YES_AGGRESSIVE;
				GCC_WARN_UNUSED_FUNCTION = YES;
				GCC_WARN_UNUSED_VARIABLE = YES;
				IPHONEOS_DEPLOYMENT_TARGET = 17.5;
				LOCALIZATION_PREFERS_STRING_CATALOGS = YES;
				MTL_ENABLE_DEBUG_INFO = INCLUDE_SOURCE;
				MTL_FAST_MATH = YES;
				ONLY_ACTIVE_ARCH = YES;
				SDKROOT = iphoneos;
				SWIFT_ACTIVE_COMPILATION_CONDITIONS = "DEBUG $(inherited)";
				SWIFT_OPTIMIZATION_LEVEL = "-Onone";
			};
			name = Debug;
		};
		D2C84E512BFBB29800B3C456 /* Release */ = {
			isa = XCBuildConfiguration;
			buildSettings = {
				ALWAYS_SEARCH_USER_PATHS = NO;
				ASSETCATALOG_COMPILER_GENERATE_SWIFT_ASSET_SYMBOL_EXTENSIONS = YES;
				CLANG_ANALYZER_NONNULL = YES;
				CLANG_ANALYZER_NUMBER_OBJECT_CONVERSION = YES_AGGRESSIVE;
				CLANG_CXX_LANGUAGE_STANDARD = "gnu++20";
				CLANG_ENABLE_MODULES = YES;
				CLANG_ENABLE_OBJC_ARC = YES;
				CLANG_ENABLE_OBJC_WEAK = YES;
				CLANG_WARN_BLOCK_CAPTURE_AUTORELEASING = YES;
				CLANG_WARN_BOOL_CONVERSION = YES;
				CLANG_WARN_COMMA = YES;
				CLANG_WARN_CONSTANT_CONVERSION = YES;
				CLANG_WARN_DEPRECATED_OBJC_IMPLEMENTATIONS = YES;
				CLANG_WARN_DIRECT_OBJC_ISA_USAGE = YES_ERROR;
				CLANG_WARN_DOCUMENTATION_COMMENTS = YES;
				CLANG_WARN_EMPTY_BODY = YES;
				CLANG_WARN_ENUM_CONVERSION = YES;
				CLANG_WARN_INFINITE_RECURSION = YES;
				CLANG_WARN_INT_CONVERSION = YES;
				CLANG_WARN_NON_LITERAL_NULL_CONVERSION = YES;
				CLANG_WARN_OBJC_IMPLICIT_RETAIN_SELF = YES;
				CLANG_WARN_OBJC_LITERAL_CONVERSION = YES;
				CLANG_WARN_OBJC_ROOT_CLASS = YES_ERROR;
				CLANG_WARN_QUOTED_INCLUDE_IN_FRAMEWORK_HEADER = YES;
				CLANG_WARN_RANGE_LOOP_ANALYSIS = YES;
				CLANG_WARN_STRICT_PROTOTYPES = YES;
				CLANG_WARN_SUSPICIOUS_MOVE = YES;
				CLANG_WARN_UNGUARDED_AVAILABILITY = YES_AGGRESSIVE;
				CLANG_WARN_UNREACHABLE_CODE = YES;
				CLANG_WARN__DUPLICATE_METHOD_MATCH = YES;
				COPY_PHASE_STRIP = NO;
				DEBUG_INFORMATION_FORMAT = "dwarf-with-dsym";
				ENABLE_NS_ASSERTIONS = NO;
				ENABLE_STRICT_OBJC_MSGSEND = YES;
				ENABLE_USER_SCRIPT_SANDBOXING = YES;
				GCC_C_LANGUAGE_STANDARD = gnu17;
				GCC_NO_COMMON_BLOCKS = YES;
				GCC_WARN_64_TO_32_BIT_CONVERSION = YES;
				GCC_WARN_ABOUT_RETURN_TYPE = YES_ERROR;
				GCC_WARN_UNDECLARED_SELECTOR = YES;
				GCC_WARN_UNINITIALIZED_AUTOS = YES_AGGRESSIVE;
				GCC_WARN_UNUSED_FUNCTION = YES;
				GCC_WARN_UNUSED_VARIABLE = YES;
				IPHONEOS_DEPLOYMENT_TARGET = 17.5;
				LOCALIZATION_PREFERS_STRING_CATALOGS = YES;
				MTL_ENABLE_DEBUG_INFO = NO;
				MTL_FAST_MATH = YES;
				SDKROOT = iphoneos;
				SWIFT_COMPILATION_MODE = wholemodule;
				VALIDATE_PRODUCT = YES;
			};
			name = Release;
		};
		D2C84E532BFBB29800B3C456 /* Debug */ = {
			isa = XCBuildConfiguration;
			buildSettings = {
				ASSETCATALOG_COMPILER_APPICON_NAME = AppIcon;
				ASSETCATALOG_COMPILER_GLOBAL_ACCENT_COLOR_NAME = AccentColor;
				CODE_SIGN_STYLE = Automatic;
				CURRENT_PROJECT_VERSION = 1;
				DEVELOPMENT_ASSET_PATHS = "\"openInAppAssignment/Preview Content\"";
				DEVELOPMENT_TEAM = 9P2DNH3C2B;
				ENABLE_PREVIEWS = YES;
				GENERATE_INFOPLIST_FILE = YES;
				INFOPLIST_KEY_UIApplicationSceneManifest_Generation = YES;
				INFOPLIST_KEY_UIApplicationSupportsIndirectInputEvents = YES;
				INFOPLIST_KEY_UILaunchScreen_Generation = YES;
				INFOPLIST_KEY_UISupportedInterfaceOrientations_iPad = "UIInterfaceOrientationPortrait UIInterfaceOrientationPortraitUpsideDown UIInterfaceOrientationLandscapeLeft UIInterfaceOrientationLandscapeRight";
				INFOPLIST_KEY_UISupportedInterfaceOrientations_iPhone = "UIInterfaceOrientationPortrait UIInterfaceOrientationLandscapeLeft UIInterfaceOrientationLandscapeRight";
				LD_RUNPATH_SEARCH_PATHS = (
					"$(inherited)",
					"@executable_path/Frameworks",
				);
				MARKETING_VERSION = 1.0;
				PRODUCT_BUNDLE_IDENTIFIER = me.singh.adarsh.openInAppAssignment;
				PRODUCT_NAME = "$(TARGET_NAME)";
				SWIFT_EMIT_LOC_STRINGS = YES;
				SWIFT_VERSION = 5.0;
				TARGETED_DEVICE_FAMILY = "1,2";
			};
			name = Debug;
		};
		D2C84E542BFBB29800B3C456 /* Release */ = {
			isa = XCBuildConfiguration;
			buildSettings = {
				ASSETCATALOG_COMPILER_APPICON_NAME = AppIcon;
				ASSETCATALOG_COMPILER_GLOBAL_ACCENT_COLOR_NAME = AccentColor;
				CODE_SIGN_STYLE = Automatic;
				CURRENT_PROJECT_VERSION = 1;
				DEVELOPMENT_ASSET_PATHS = "\"openInAppAssignment/Preview Content\"";
				DEVELOPMENT_TEAM = 9P2DNH3C2B;
				ENABLE_PREVIEWS = YES;
				GENERATE_INFOPLIST_FILE = YES;
				INFOPLIST_KEY_UIApplicationSceneManifest_Generation = YES;
				INFOPLIST_KEY_UIApplicationSupportsIndirectInputEvents = YES;
				INFOPLIST_KEY_UILaunchScreen_Generation = YES;
				INFOPLIST_KEY_UISupportedInterfaceOrientations_iPad = "UIInterfaceOrientationPortrait UIInterfaceOrientationPortraitUpsideDown UIInterfaceOrientationLandscapeLeft UIInterfaceOrientationLandscapeRight";
				INFOPLIST_KEY_UISupportedInterfaceOrientations_iPhone = "UIInterfaceOrientationPortrait UIInterfaceOrientationLandscapeLeft UIInterfaceOrientationLandscapeRight";
				LD_RUNPATH_SEARCH_PATHS = (
					"$(inherited)",
					"@executable_path/Frameworks",
				);
				MARKETING_VERSION = 1.0;
				PRODUCT_BUNDLE_IDENTIFIER = me.singh.adarsh.openInAppAssignment;
				PRODUCT_NAME = "$(TARGET_NAME)";
				SWIFT_EMIT_LOC_STRINGS = YES;
				SWIFT_VERSION = 5.0;
				TARGETED_DEVICE_FAMILY = "1,2";
			};
			name = Release;
		};
/* End XCBuildConfiguration section */

/* Begin XCConfigurationList section */
		D2C84E3F2BFBB29600B3C456 /* Build configuration list for PBXProject "openInAppAssignment" */ = {
			isa = XCConfigurationList;
			buildConfigurations = (
				D2C84E502BFBB29800B3C456 /* Debug */,
				D2C84E512BFBB29800B3C456 /* Release */,
			);
			defaultConfigurationIsVisible = 0;
			defaultConfigurationName = Release;
		};
		D2C84E522BFBB29800B3C456 /* Build configuration list for PBXNativeTarget "openInAppAssignment" */ = {
			isa = XCConfigurationList;
			buildConfigurations = (
				D2C84E532BFBB29800B3C456 /* Debug */,
				D2C84E542BFBB29800B3C456 /* Release */,
			);
			defaultConfigurationIsVisible = 0;
			defaultConfigurationName = Release;
		};
/* End XCConfigurationList section */
	};
	rootObject = D2C84E3C2BFBB29600B3C456 /* Project object */;
}
